{
  "name": "pg-subscription-stream",
  "version": "1.0.5",
  "lockfileVersion": 3,
  "requires": true,
  "packages": {
    "": {
      "name": "pg-subscription-stream",
      "version": "1.0.5",
      "license": "MIT",
      "dependencies": {
        "pg-copy-streams": "^6.0.6"
      }
    },
    "node_modules/obuf": {
      "version": "1.1.2",
      "resolved": "https://registry.npmjs.org/obuf/-/obuf-1.1.2.tgz",
      "integrity": "sha512-PX1wu0AmAdPqOL1mWhqmlOd8kOIZQwGZw6rh7uby9fTc5lhaOWFLX3I6R1hrF9k3zUY40e6igsLGkDXK92LJNg=="
    },
    "node_modules/pg-copy-streams": {
      "version": "6.0.6",
      "resolved": "https://registry.npmjs.org/pg-copy-streams/-/pg-copy-streams-6.0.6.tgz",
      "integrity": "sha512-Z+Dd2C2NIDTsjyFKmc6a9QLlpM8tjpERx+43RSx0WmL7j3uNChERi3xSvZUL0hWJ1oRUn4S3fhyt3apdSrTyKQ==",
      "dependencies": {
        "obuf": "^1.1.2"
      }
    }
  }
}
